
Microsoft Visual Studio Solution File, Format Version 12.00
# Visual Studio Version 16
VisualStudioVersion = 16.0.34114.132
MinimumVisualStudioVersion = 10.0.40219.1
Project("{FAE04EC0-301F-11D3-BF4B-00C04F79EFBC}") = "EscritorioHorseBooking", "EscritorioHorseBooking\EscritorioHorseBooking.csproj", "{A9FCA347-8A33-416C-A27C-96058FAEED73}"
EndProject
Global
	GlobalSection(SolutionConfigurationPlatforms) = preSolution
		Debug|Any CPU = Debug|Any CPU
		Release|Any CPU = Release|Any CPU
	EndGlobalSection
	GlobalSection(ProjectConfigurationPlatforms) = postSolution
		{A9FCA347-8A33-416C-A27C-96058FAEED73}.Debug|Any CPU.ActiveCfg = Debug|Any CPU
		{A9FCA347-8A33-416C-A27C-96058FAEED73}.Debug|Any CPU.Build.0 = Debug|Any CPU
		{A9FCA347-8A33-416C-A27C-96058FAEED73}.Release|Any CPU.ActiveCfg = Release|Any CPU
		{A9FCA347-8A33-416C-A27C-96058FAEED73}.Release|Any CPU.Build.0 = Release|Any CPU
	EndGlobalSection
	GlobalSection(SolutionProperties) = preSolution
		HideSolutionNode = FALSE
	EndGlobalSection
	GlobalSection(ExtensibilityGlobals) = postSolution
		SolutionGuid = {58D30403-4092-42F7-9818-89D061AA7B7B}
	EndGlobalSection
EndGlobal
